# THIS IS AN AUTOGENERATED FILE. DO NOT EDIT THIS FILE DIRECTLY.
# yarn lockfile v1


dotenv@^6.2.0:
  version "6.2.0"
  resolved "https://registry.yarnpkg.com/dotenv/-/dotenv-6.2.0.tgz#941c0410535d942c8becf28d3f357dbd9d476064"
  integrity sha512-HygQCKUBSFl8wKQZBSemMywRWcEDNidvNbjGVyZu3nbZ8qq9ubiPoGLMdRDpfSrpkkm9BXYFkpKxxFX38o/76w==

oracledb@^3.1.2:
  version "3.1.2"
  resolved "https://registry.yarnpkg.com/oracledb/-/oracledb-3.1.2.tgz#4d7df7b8eda161d4e645837cd43c530232d139e8"
  integrity sha512-DOBKpUlfvGAX6bcpuPGtPVVfOOUqFue8eLjbnnmkDyBTU+YuH+gXHRy4ftlFzkHBXYkrSGenFJrXy8dDfEVXCg==
